
Microsoft Visual Studio Solution File, Format Version 12.00
# Visual Studio Version 17
VisualStudioVersion = 17.3.32825.248
MinimumVisualStudioVersion = 10.0.40219.1
Project("{9A19103F-16F7-4668-BE54-9A1E7A4F7556}") = "BlazorApp1.Server", "BlazorApp1\Server\BlazorApp1.Server.csproj", "{04FDCB3B-9072-4B7B-9E1A-80DF6FDE4705}"
EndProject
Project("{9A19103F-16F7-4668-BE54-9A1E7A4F7556}") = "BlazorApp1.Client", "BlazorApp1\Client\BlazorApp1.Client.csproj", "{F5812D2D-F996-479D-8389-57CBD8F49CB2}"
EndProject
Project("{9A19103F-16F7-4668-BE54-9A1E7A4F7556}") = "BlazorApp1.Shared", "BlazorApp1\Shared\BlazorApp1.Shared.csproj", "{FEE4508E-93B4-407C-A9FD-408667B38EE1}"
EndProject
Project("{9A19103F-16F7-4668-BE54-9A1E7A4F7556}") = "BlazorApp1.Server.Data", "BlazorApp1.Server.Data\BlazorApp1.Server.Data.csproj", "{49FE0029-F2D2-4951-9B42-9902F6306A73}"
EndProject
Global
	GlobalSection(SolutionConfigurationPlatforms) = preSolution
		Debug|Any CPU = Debug|Any CPU
		Release|Any CPU = Release|Any CPU
	EndGlobalSection
	GlobalSection(ProjectConfigurationPlatforms) = postSolution
		{04FDCB3B-9072-4B7B-9E1A-80DF6FDE4705}.Debug|Any CPU.ActiveCfg = Debug|Any CPU
		{04FDCB3B-9072-4B7B-9E1A-80DF6FDE4705}.Debug|Any CPU.Build.0 = Debug|Any CPU
		{04FDCB3B-9072-4B7B-9E1A-80DF6FDE4705}.Release|Any CPU.ActiveCfg = Release|Any CPU
		{04FDCB3B-9072-4B7B-9E1A-80DF6FDE4705}.Release|Any CPU.Build.0 = Release|Any CPU
		{F5812D2D-F996-479D-8389-57CBD8F49CB2}.Debug|Any CPU.ActiveCfg = Debug|Any CPU
		{F5812D2D-F996-479D-8389-57CBD8F49CB2}.Debug|Any CPU.Build.0 = Debug|Any CPU
		{F5812D2D-F996-479D-8389-57CBD8F49CB2}.Release|Any CPU.ActiveCfg = Release|Any CPU
		{F5812D2D-F996-479D-8389-57CBD8F49CB2}.Release|Any CPU.Build.0 = Release|Any CPU
		{FEE4508E-93B4-407C-A9FD-408667B38EE1}.Debug|Any CPU.ActiveCfg = Debug|Any CPU
		{FEE4508E-93B4-407C-A9FD-408667B38EE1}.Debug|Any CPU.Build.0 = Debug|Any CPU
		{FEE4508E-93B4-407C-A9FD-408667B38EE1}.Release|Any CPU.ActiveCfg = Release|Any CPU
		{FEE4508E-93B4-407C-A9FD-408667B38EE1}.Release|Any CPU.Build.0 = Release|Any CPU
		{49FE0029-F2D2-4951-9B42-9902F6306A73}.Debug|Any CPU.ActiveCfg = Debug|Any CPU
		{49FE0029-F2D2-4951-9B42-9902F6306A73}.Debug|Any CPU.Build.0 = Debug|Any CPU
		{49FE0029-F2D2-4951-9B42-9902F6306A73}.Release|Any CPU.ActiveCfg = Release|Any CPU
		{49FE0029-F2D2-4951-9B42-9902F6306A73}.Release|Any CPU.Build.0 = Release|Any CPU
	EndGlobalSection
	GlobalSection(SolutionProperties) = preSolution
		HideSolutionNode = FALSE
	EndGlobalSection
	GlobalSection(ExtensibilityGlobals) = postSolution
		SolutionGuid = {4E591BDA-1901-48FD-9550-E05E06DBE16D}
	EndGlobalSection
EndGlobal
